
Microsoft Visual Studio Solution File, Format Version 12.00
# Visual Studio Version 17
VisualStudioVersion = 17.3.32811.315
MinimumVisualStudioVersion = 10.0.40219.1
Project("{8BC9CEB8-8B4A-11D0-8D11-00A0C91BC942}") = "vtsed", "vtsed\vtsed.vcxproj", "{3E8E54D2-6AAC-4A5F-8E3C-3C0BE7B4DB04}"
EndProject
Project("{2150E333-8FDC-42A3-9474-1A3956D46DE8}") = "examples", "examples", "{34D23820-E386-42C7-B5FD-43D96A1A4BF6}"
EndProject
Project("{8BC9CEB8-8B4A-11D0-8D11-00A0C91BC942}") = "listbox", "examples\listbox\listbox.vcxproj", "{71F1D896-E6FD-4F77-86D0-51BD93B9D21A}"
EndProject
Project("{8BC9CEB8-8B4A-11D0-8D11-00A0C91BC942}") = "checklistbox", "examples\checklistbox\checklistbox.vcxproj", "{9A40EE23-E9F9-4732-9F5E-06A73CCE7509}"
EndProject
Project("{2150E333-8FDC-42A3-9474-1A3956D46DE8}") = "test", "test", "{04A68A54-2E94-4C7E-853F-91A739323554}"
EndProject
Project("{2150E333-8FDC-42A3-9474-1A3956D46DE8}") = "templates", "templates", "{F23A4156-6FD7-4B72-95C7-A39EA0FAE5D6}"
EndProject
Project("{8BC9CEB8-8B4A-11D0-8D11-00A0C91BC942}") = "vtsed.test", "vtsed.test\vtsed.test.vcxproj", "{104C96E2-0BA2-4AB2-BEAC-68ACC01764BF}"
EndProject
Project("{8BC9CEB8-8B4A-11D0-8D11-00A0C91BC942}") = "default", "templates\default\default.vcxproj", "{D37C5538-21E2-4923-98D7-848886F52C31}"
EndProject
Project("{9A19103F-16F7-4668-BE54-9A1E7A4F7556}") = "vtsed.pinvoke", "vtsed.pinvoke\vtsed.pinvoke.csproj", "{C80C5BCB-6DA5-4EB7-BC89-0088D87F2A76}"
	ProjectSection(ProjectDependencies) = postProject
		{3E8E54D2-6AAC-4A5F-8E3C-3C0BE7B4DB04} = {3E8E54D2-6AAC-4A5F-8E3C-3C0BE7B4DB04}
	EndProjectSection
EndProject
Project("{8BC9CEB8-8B4A-11D0-8D11-00A0C91BC942}") = "gridrow", "examples\gridrow\gridrow.vcxproj", "{8B91538D-FC5C-4BF9-A1E0-958F207C961C}"
EndProject
Project("{8BC9CEB8-8B4A-11D0-8D11-00A0C91BC942}") = "gridcol", "examples\gridcol\gridcol.vcxproj", "{9365241B-CF38-4F9A-85B0-BF4258E2EB0C}"
EndProject
Global
	GlobalSection(SolutionConfigurationPlatforms) = preSolution
		Debug|x64 = Debug|x64
		Debug|x86 = Debug|x86
		Release|x64 = Release|x64
		Release|x86 = Release|x86
	EndGlobalSection
	GlobalSection(ProjectConfigurationPlatforms) = postSolution
		{3E8E54D2-6AAC-4A5F-8E3C-3C0BE7B4DB04}.Debug|x64.ActiveCfg = Debug|x64
		{3E8E54D2-6AAC-4A5F-8E3C-3C0BE7B4DB04}.Debug|x64.Build.0 = Debug|x64
		{3E8E54D2-6AAC-4A5F-8E3C-3C0BE7B4DB04}.Debug|x86.ActiveCfg = Debug|Win32
		{3E8E54D2-6AAC-4A5F-8E3C-3C0BE7B4DB04}.Debug|x86.Build.0 = Debug|Win32
		{3E8E54D2-6AAC-4A5F-8E3C-3C0BE7B4DB04}.Release|x64.ActiveCfg = Release|x64
		{3E8E54D2-6AAC-4A5F-8E3C-3C0BE7B4DB04}.Release|x64.Build.0 = Release|x64
		{3E8E54D2-6AAC-4A5F-8E3C-3C0BE7B4DB04}.Release|x86.ActiveCfg = Release|Win32
		{3E8E54D2-6AAC-4A5F-8E3C-3C0BE7B4DB04}.Release|x86.Build.0 = Release|Win32
		{71F1D896-E6FD-4F77-86D0-51BD93B9D21A}.Debug|x64.ActiveCfg = Debug|x64
		{71F1D896-E6FD-4F77-86D0-51BD93B9D21A}.Debug|x64.Build.0 = Debug|x64
		{71F1D896-E6FD-4F77-86D0-51BD93B9D21A}.Debug|x86.ActiveCfg = Debug|Win32
		{71F1D896-E6FD-4F77-86D0-51BD93B9D21A}.Debug|x86.Build.0 = Debug|Win32
		{71F1D896-E6FD-4F77-86D0-51BD93B9D21A}.Release|x64.ActiveCfg = Release|x64
		{71F1D896-E6FD-4F77-86D0-51BD93B9D21A}.Release|x64.Build.0 = Release|x64
		{71F1D896-E6FD-4F77-86D0-51BD93B9D21A}.Release|x86.ActiveCfg = Release|Win32
		{71F1D896-E6FD-4F77-86D0-51BD93B9D21A}.Release|x86.Build.0 = Release|Win32
		{9A40EE23-E9F9-4732-9F5E-06A73CCE7509}.Debug|x64.ActiveCfg = Debug|x64
		{9A40EE23-E9F9-4732-9F5E-06A73CCE7509}.Debug|x64.Build.0 = Debug|x64
		{9A40EE23-E9F9-4732-9F5E-06A73CCE7509}.Debug|x86.ActiveCfg = Debug|Win32
		{9A40EE23-E9F9-4732-9F5E-06A73CCE7509}.Debug|x86.Build.0 = Debug|Win32
		{9A40EE23-E9F9-4732-9F5E-06A73CCE7509}.Release|x64.ActiveCfg = Release|x64
		{9A40EE23-E9F9-4732-9F5E-06A73CCE7509}.Release|x64.Build.0 = Release|x64
		{9A40EE23-E9F9-4732-9F5E-06A73CCE7509}.Release|x86.ActiveCfg = Release|Win32
		{9A40EE23-E9F9-4732-9F5E-06A73CCE7509}.Release|x86.Build.0 = Release|Win32
		{104C96E2-0BA2-4AB2-BEAC-68ACC01764BF}.Debug|x64.ActiveCfg = Debug|x64
		{104C96E2-0BA2-4AB2-BEAC-68ACC01764BF}.Debug|x64.Build.0 = Debug|x64
		{104C96E2-0BA2-4AB2-BEAC-68ACC01764BF}.Debug|x86.ActiveCfg = Debug|Win32
		{104C96E2-0BA2-4AB2-BEAC-68ACC01764BF}.Debug|x86.Build.0 = Debug|Win32
		{104C96E2-0BA2-4AB2-BEAC-68ACC01764BF}.Release|x64.ActiveCfg = Release|x64
		{104C96E2-0BA2-4AB2-BEAC-68ACC01764BF}.Release|x64.Build.0 = Release|x64
		{104C96E2-0BA2-4AB2-BEAC-68ACC01764BF}.Release|x86.ActiveCfg = Release|Win32
		{104C96E2-0BA2-4AB2-BEAC-68ACC01764BF}.Release|x86.Build.0 = Release|Win32
		{D37C5538-21E2-4923-98D7-848886F52C31}.Debug|x64.ActiveCfg = Debug|x64
		{D37C5538-21E2-4923-98D7-848886F52C31}.Debug|x86.ActiveCfg = Debug|Win32
		{D37C5538-21E2-4923-98D7-848886F52C31}.Release|x64.ActiveCfg = Release|x64
		{D37C5538-21E2-4923-98D7-848886F52C31}.Release|x86.ActiveCfg = Release|Win32
		{C80C5BCB-6DA5-4EB7-BC89-0088D87F2A76}.Debug|x64.ActiveCfg = Debug|x64
		{C80C5BCB-6DA5-4EB7-BC89-0088D87F2A76}.Debug|x86.ActiveCfg = Debug|x86
		{C80C5BCB-6DA5-4EB7-BC89-0088D87F2A76}.Release|x64.ActiveCfg = Release|x64
		{C80C5BCB-6DA5-4EB7-BC89-0088D87F2A76}.Release|x86.ActiveCfg = Release|x86
		{8B91538D-FC5C-4BF9-A1E0-958F207C961C}.Debug|x64.ActiveCfg = Debug|x64
		{8B91538D-FC5C-4BF9-A1E0-958F207C961C}.Debug|x64.Build.0 = Debug|x64
		{8B91538D-FC5C-4BF9-A1E0-958F207C961C}.Debug|x86.ActiveCfg = Debug|Win32
		{8B91538D-FC5C-4BF9-A1E0-958F207C961C}.Debug|x86.Build.0 = Debug|Win32
		{8B91538D-FC5C-4BF9-A1E0-958F207C961C}.Release|x64.ActiveCfg = Release|x64
		{8B91538D-FC5C-4BF9-A1E0-958F207C961C}.Release|x64.Build.0 = Release|x64
		{8B91538D-FC5C-4BF9-A1E0-958F207C961C}.Release|x86.ActiveCfg = Release|Win32
		{8B91538D-FC5C-4BF9-A1E0-958F207C961C}.Release|x86.Build.0 = Release|Win32
		{9365241B-CF38-4F9A-85B0-BF4258E2EB0C}.Debug|x64.ActiveCfg = Debug|x64
		{9365241B-CF38-4F9A-85B0-BF4258E2EB0C}.Debug|x64.Build.0 = Debug|x64
		{9365241B-CF38-4F9A-85B0-BF4258E2EB0C}.Debug|x86.ActiveCfg = Debug|Win32
		{9365241B-CF38-4F9A-85B0-BF4258E2EB0C}.Debug|x86.Build.0 = Debug|Win32
		{9365241B-CF38-4F9A-85B0-BF4258E2EB0C}.Release|x64.ActiveCfg = Release|x64
		{9365241B-CF38-4F9A-85B0-BF4258E2EB0C}.Release|x64.Build.0 = Release|x64
		{9365241B-CF38-4F9A-85B0-BF4258E2EB0C}.Release|x86.ActiveCfg = Release|Win32
		{9365241B-CF38-4F9A-85B0-BF4258E2EB0C}.Release|x86.Build.0 = Release|Win32
	EndGlobalSection
	GlobalSection(SolutionProperties) = preSolution
		HideSolutionNode = FALSE
	EndGlobalSection
	GlobalSection(NestedProjects) = preSolution
		{71F1D896-E6FD-4F77-86D0-51BD93B9D21A} = {34D23820-E386-42C7-B5FD-43D96A1A4BF6}
		{9A40EE23-E9F9-4732-9F5E-06A73CCE7509} = {34D23820-E386-42C7-B5FD-43D96A1A4BF6}
		{104C96E2-0BA2-4AB2-BEAC-68ACC01764BF} = {04A68A54-2E94-4C7E-853F-91A739323554}
		{D37C5538-21E2-4923-98D7-848886F52C31} = {F23A4156-6FD7-4B72-95C7-A39EA0FAE5D6}
		{8B91538D-FC5C-4BF9-A1E0-958F207C961C} = {34D23820-E386-42C7-B5FD-43D96A1A4BF6}
		{9365241B-CF38-4F9A-85B0-BF4258E2EB0C} = {34D23820-E386-42C7-B5FD-43D96A1A4BF6}
	EndGlobalSection
	GlobalSection(ExtensibilityGlobals) = postSolution
		SolutionGuid = {1F221014-B02F-491C-8C83-2E526B87C516}
	EndGlobalSection
EndGlobal
