<?xml version="1.0" encoding="utf-8"?>
<Project ToolsVersion="4.0" xmlns="http://schemas.microsoft.com/developer/msbuild/2003">
  <ItemGroup>
    <Filter Include="File di origine">
      <UniqueIdentifier>{4FC737F1-C7A5-4376-A066-2A32D752A2FF}</UniqueIdentifier>
      <Extensions>cpp;c;cc;cxx;c++;cppm;ixx;def;odl;idl;hpj;bat;asm;asmx</Extensions>
    </Filter>
    <Filter Include="File di intestazione">
      <UniqueIdentifier>{93995380-89BD-4b04-88EB-625FBE52EBFB}</UniqueIdentifier>
      <Extensions>h;hh;hpp;hxx;h++;hm;inl;inc;ipp;xsd</Extensions>
    </Filter>
    <Filter Include="File di risorse">
      <UniqueIdentifier>{67DA6AB6-F800-4c08-8B7A-83BB121AAD01}</UniqueIdentifier>
      <Extensions>rc;ico;cur;bmp;dlg;rc2;rct;bin;rgs;gif;jpg;jpeg;jpe;resx;tiff;tif;png;wav;mfcribbon-ms</Extensions>
    </Filter>
    <Filter Include="Dipendenze">
      <UniqueIdentifier>{6bd14c01-a87d-44d9-8a84-d7b1af562e85}</UniqueIdentifier>
    </Filter>
    <Filter Include="File di intestazione\VTSEd">
      <UniqueIdentifier>{6ca4462d-d0ca-43ed-a38d-ba54ba00582a}</UniqueIdentifier>
    </Filter>
  </ItemGroup>
  <ItemGroup>
    <ClCompile Include="main.cpp">
      <Filter>File di origine</Filter>
    </ClCompile>
  </ItemGroup>
  <ItemGroup>
    <ClInclude Include="include\common.hpp">
      <Filter>File di intestazione\VTSEd</Filter>
    </ClInclude>
    <ClInclude Include="include\console.hpp">
      <Filter>File di intestazione\VTSEd</Filter>
    </ClInclude>
    <ClInclude Include="include\dcontrols.hpp">
      <Filter>File di intestazione\VTSEd</Filter>
    </ClInclude>
    <ClInclude Include="include\scontrols.hpp">
      <Filter>File di intestazione\VTSEd</Filter>
    </ClInclude>
    <ClInclude Include="include\vtsed.hpp">
      <Filter>File di intestazione\VTSEd</Filter>
    </ClInclude>
    <ClInclude Include="include\vts.hpp">
      <Filter>File di intestazione\VTSEd</Filter>
    </ClInclude>
    <ClInclude Include="include\cmf.hpp">
      <Filter>File di intestazione\VTSEd</Filter>
    </ClInclude>
    <ClInclude Include="include\vts2.hpp">
      <Filter>File di intestazione\VTSEd</Filter>
    </ClInclude>
  </ItemGroup>
  <ItemGroup>
    <None Include="dll\vtsed-d-x64.dll">
      <Filter>Dipendenze</Filter>
    </None>
    <None Include="dll\vtsed-d-x86.dll">
      <Filter>Dipendenze</Filter>
    </None>
    <None Include="dll\vtsed-x64.dll">
      <Filter>Dipendenze</Filter>
    </None>
    <None Include="dll\vtsed-x86.dll">
      <Filter>Dipendenze</Filter>
    </None>
    <None Include="README.md" />
  </ItemGroup>
  <ItemGroup>
    <Library Include="lib\vtsed-d-x64.lib">
      <Filter>Dipendenze</Filter>
    </Library>
    <Library Include="lib\vtsed-d-x86.lib">
      <Filter>Dipendenze</Filter>
    </Library>
    <Library Include="lib\vtsed-x64.lib">
      <Filter>Dipendenze</Filter>
    </Library>
    <Library Include="lib\vtsed-x86.lib">
      <Filter>Dipendenze</Filter>
    </Library>
  </ItemGroup>
</Project>